// !$*UTF8*$!
{
	archiveVersion = 1;
	classes = {
	};
	objectVersion = 50;
	objects = {

/* Begin PBXBuildFile section */
		DE3EE3B7207B923900536B64 /* AppDelegate.m in Sources */ = {isa = PBXBuildFile; fileRef = DE3EE3B6207B923900536B64 /* AppDelegate.m */; };
		DE3EE3B9207B923900536B64 /* Assets.xcassets in Resources */ = {isa = PBXBuildFile; fileRef = DE3EE3B8207B923900536B64 /* Assets.xcassets */; };
		DE3EE3BC207B923900536B64 /* MainMenu.xib in Resources */ = {isa = PBXBuildFile; fileRef = DE3EE3BA207B923900536B64 /* MainMenu.xib */; };
		DE3EE3BF207B923900536B64 /* main.m in Sources */ = {isa = PBXBuildFile; fileRef = DE3EE3BE207B923900536B64 /* main.m */; };
		DE3EE3E4207BCE2900536B64 /* StatusMenuController.swift in Sources */ = {isa = PBXBuildFile; fileRef = DE3EE3E3207BCE2900536B64 /* StatusMenuController.swift */; };
		DE3EE3E6207BD19E00536B64 /* SSHAgentCommunicator.m in Sources */ = {isa = PBXBuildFile; fileRef = DE3EE3E5207BD19E00536B64 /* SSHAgentCommunicator.m */; };
		DE3EE3E9207BE44900536B64 /* AgentSupervisor.swift in Sources */ = {isa = PBXBuildFile; fileRef = DE3EE3E8207BE44900536B64 /* AgentSupervisor.swift */; };
		DE8645B3210962280069C39B /* AboutWindow.swift in Sources */ = {isa = PBXBuildFile; fileRef = DE8645B1210962280069C39B /* AboutWindow.swift */; };
		DE8645B4210962280069C39B /* AboutWindow.xib in Resources */ = {isa = PBXBuildFile; fileRef = DE8645B2210962280069C39B /* AboutWindow.xib */; };
		DE973DDB207C1E13002DEDC5 /* SupresshionState.swift in Sources */ = {isa = PBXBuildFile; fileRef = DE973DDA207C1E13002DEDC5 /* SupresshionState.swift */; };
/* End PBXBuildFile section */

/* Begin PBXFileReference section */
		DE3EE3B2207B923900536B64 /* supreSSHion.app */ = {isa = PBXFileReference; explicitFileType = wrapper.application; includeInIndex = 0; path = supreSSHion.app; sourceTree = BUILT_PRODUCTS_DIR; };
		DE3EE3B5207B923900536B64 /* AppDelegate.h */ = {isa = PBXFileReference; lastKnownFileType = sourcecode.c.h; path = AppDelegate.h; sourceTree = "<group>"; };
		DE3EE3B6207B923900536B64 /* AppDelegate.m */ = {isa = PBXFileReference; lastKnownFileType = sourcecode.c.objc; path = AppDelegate.m; sourceTree = "<group>"; };
		DE3EE3B8207B923900536B64 /* Assets.xcassets */ = {isa = PBXFileReference; lastKnownFileType = folder.assetcatalog; path = Assets.xcassets; sourceTree = "<group>"; };
		DE3EE3BB207B923900536B64 /* Base */ = {isa = PBXFileReference; lastKnownFileType = file.xib; name = Base; path = Base.lproj/MainMenu.xib; sourceTree = "<group>"; };
		DE3EE3BD207B923900536B64 /* Info.plist */ = {isa = PBXFileReference; lastKnownFileType = text.plist.xml; path = Info.plist; sourceTree = "<group>"; };
		DE3EE3BE207B923900536B64 /* main.m */ = {isa = PBXFileReference; lastKnownFileType = sourcecode.c.objc; path = main.m; sourceTree = "<group>"; };
		DE3EE3C0207B923900536B64 /* supreSSHion.entitlements */ = {isa = PBXFileReference; lastKnownFileType = text.plist.entitlements; path = supreSSHion.entitlements; sourceTree = "<group>"; };
		DE3EE3E2207BCE2900536B64 /* supreSSHion-Bridging-Header.h */ = {isa = PBXFileReference; lastKnownFileType = sourcecode.c.h; path = "supreSSHion-Bridging-Header.h"; sourceTree = "<group>"; };
		DE3EE3E3207BCE2900536B64 /* StatusMenuController.swift */ = {isa = PBXFileReference; lastKnownFileType = sourcecode.swift; path = StatusMenuController.swift; sourceTree = "<group>"; };
		DE3EE3E5207BD19E00536B64 /* SSHAgentCommunicator.m */ = {isa = PBXFileReference; lastKnownFileType = sourcecode.c.objc; path = SSHAgentCommunicator.m; sourceTree = "<group>"; };
		DE3EE3E7207BD27F00536B64 /* SSHAgentCommunicator.h */ = {isa = PBXFileReference; lastKnownFileType = sourcecode.c.h; path = SSHAgentCommunicator.h; sourceTree = "<group>"; };
		DE3EE3E8207BE44900536B64 /* AgentSupervisor.swift */ = {isa = PBXFileReference; lastKnownFileType = sourcecode.swift; path = AgentSupervisor.swift; sourceTree = "<group>"; };
		DE8645B1210962280069C39B /* AboutWindow.swift */ = {isa = PBXFileReference; lastKnownFileType = sourcecode.swift; path = AboutWindow.swift; sourceTree = "<group>"; };
		DE8645B2210962280069C39B /* AboutWindow.xib */ = {isa = PBXFileReference; lastKnownFileType = file.xib; path = AboutWindow.xib; sourceTree = "<group>"; };
		DE973DDA207C1E13002DEDC5 /* SupresshionState.swift */ = {isa = PBXFileReference; lastKnownFileType = sourcecode.swift; path = SupresshionState.swift; sourceTree = "<group>"; };
/* End PBXFileReference section */

/* Begin PBXFrameworksBuildPhase section */
		DE3EE3AF207B923900536B64 /* Frameworks */ = {
			isa = PBXFrameworksBuildPhase;
			buildActionMask = 2147483647;
			files = (
			);
			runOnlyForDeploymentPostprocessing = 0;
		};
/* End PBXFrameworksBuildPhase section */

/* Begin PBXGroup section */
		DE3EE3A9207B923900536B64 = {
			isa = PBXGroup;
			children = (
				DE3EE3B4207B923900536B64 /* supreSSHion */,
				DE3EE3B3207B923900536B64 /* Products */,
			);
			sourceTree = "<group>";
		};
		DE3EE3B3207B923900536B64 /* Products */ = {
			isa = PBXGroup;
			children = (
				DE3EE3B2207B923900536B64 /* supreSSHion.app */,
			);
			name = Products;
			sourceTree = "<group>";
		};
		DE3EE3B4207B923900536B64 /* supreSSHion */ = {
			isa = PBXGroup;
			children = (
				DE8645B1210962280069C39B /* AboutWindow.swift */,
				DE8645B2210962280069C39B /* AboutWindow.xib */,
				DE3EE3B5207B923900536B64 /* AppDelegate.h */,
				DE3EE3B6207B923900536B64 /* AppDelegate.m */,
				DE3EE3B8207B923900536B64 /* Assets.xcassets */,
				DE3EE3BA207B923900536B64 /* MainMenu.xib */,
				DE3EE3E3207BCE2900536B64 /* StatusMenuController.swift */,
				DE973DDA207C1E13002DEDC5 /* SupresshionState.swift */,
				DE3EE3E8207BE44900536B64 /* AgentSupervisor.swift */,
				DE3EE3E7207BD27F00536B64 /* SSHAgentCommunicator.h */,
				DE3EE3E5207BD19E00536B64 /* SSHAgentCommunicator.m */,
				DE3EE3BD207B923900536B64 /* Info.plist */,
				DE3EE3BE207B923900536B64 /* main.m */,
				DE3EE3C0207B923900536B64 /* supreSSHion.entitlements */,
				DE3EE3E2207BCE2900536B64 /* supreSSHion-Bridging-Header.h */,
			);
			path = supreSSHion;
			sourceTree = "<group>";
		};
/* End PBXGroup section */

/* Begin PBXNativeTarget section */
		DE3EE3B1207B923900536B64 /* supreSSHion */ = {
			isa = PBXNativeTarget;
			buildConfigurationList = DE3EE3D9207B923A00536B64 /* Build configuration list for PBXNativeTarget "supreSSHion" */;
			buildPhases = (
				DE3EE3AE207B923900536B64 /* Sources */,
				DE3EE3AF207B923900536B64 /* Frameworks */,
				DE3EE3B0207B923900536B64 /* Resources */,
			);
			buildRules = (
			);
			dependencies = (
			);
			name = supreSSHion;
			productName = supreSSHion;
			productReference = DE3EE3B2207B923900536B64 /* supreSSHion.app */;
			productType = "com.apple.product-type.application";
		};
/* End PBXNativeTarget section */

/* Begin PBXProject section */
		DE3EE3AA207B923900536B64 /* Project object */ = {
			isa = PBXProject;
			attributes = {
				LastUpgradeCheck = 1240;
				ORGANIZATIONNAME = "Keith T. Garner";
				TargetAttributes = {
					DE3EE3B1207B923900536B64 = {
						CreatedOnToolsVersion = 9.3;
						LastSwiftMigration = 1250;
						SystemCapabilities = {
							com.apple.Sandbox = {
								enabled = 0;
							};
						};
					};
				};
			};
			buildConfigurationList = DE3EE3AD207B923900536B64 /* Build configuration list for PBXProject "supreSSHion" */;
			compatibilityVersion = "Xcode 9.3";
			developmentRegion = en;
			hasScannedForEncodings = 0;
			knownRegions = (
				en,
				Base,
			);
			mainGroup = DE3EE3A9207B923900536B64;
			productRefGroup = DE3EE3B3207B923900536B64 /* Products */;
			projectDirPath = "";
			projectRoot = "";
			targets = (
				DE3EE3B1207B923900536B64 /* supreSSHion */,
			);
		};
/* End PBXProject section */

/* Begin PBXResourcesBuildPhase section */
		DE3EE3B0207B923900536B64 /* Resources */ = {
			isa = PBXResourcesBuildPhase;
			buildActionMask = 2147483647;
			files = (
				DE3EE3B9207B923900536B64 /* Assets.xcassets in Resources */,
				DE3EE3BC207B923900536B64 /* MainMenu.xib in Resources */,
				DE8645B4210962280069C39B /* AboutWindow.xib in Resources */,
			);
			runOnlyForDeploymentPostprocessing = 0;
		};
/* End PBXResourcesBuildPhase section */

/* Begin PBXSourcesBuildPhase section */
		DE3EE3AE207B923900536B64 /* Sources */ = {
			isa = PBXSourcesBuildPhase;
			buildActionMask = 2147483647;
			files = (
				DE973DDB207C1E13002DEDC5 /* SupresshionState.swift in Sources */,
				DE3EE3E4207BCE2900536B64 /* StatusMenuController.swift in Sources */,
				DE3EE3BF207B923900536B64 /* main.m in Sources */,
				DE3EE3B7207B923900536B64 /* AppDelegate.m in Sources */,
				DE3EE3E9207BE44900536B64 /* AgentSupervisor.swift in Sources */,
				DE3EE3E6207BD19E00536B64 /* SSHAgentCommunicator.m in Sources */,
				DE8645B3210962280069C39B /* AboutWindow.swift in Sources */,
			);
			runOnlyForDeploymentPostprocessing = 0;
		};
/* End PBXSourcesBuildPhase section */

/* Begin PBXVariantGroup section */
		DE3EE3BA207B923900536B64 /* MainMenu.xib */ = {
			isa = PBXVariantGroup;
			children = (
				DE3EE3BB207B923900536B64 /* Base */,
			);
			name = MainMenu.xib;
			sourceTree = "<group>";
		};
/* End PBXVariantGroup section */

/* Begin XCBuildConfiguration section */
		DE3EE3D7207B923A00536B64 /* Debug */ = {
			isa = XCBuildConfiguration;
			buildSettings = {
				ALWAYS_SEARCH_USER_PATHS = NO;
				CLANG_ANALYZER_NONNULL = YES;
				CLANG_ANALYZER_NUMBER_OBJECT_CONVERSION = YES_AGGRESSIVE;
				CLANG_CXX_LANGUAGE_STANDARD = "gnu++14";
				CLANG_CXX_LIBRARY = "libc++";
				CLANG_ENABLE_MODULES = YES;
				CLANG_ENABLE_OBJC_ARC = YES;
				CLANG_ENABLE_OBJC_WEAK = YES;
				CLANG_WARN_BLOCK_CAPTURE_AUTORELEASING = YES;
				CLANG_WARN_BOOL_CONVERSION = YES;
				CLANG_WARN_COMMA = YES;
				CLANG_WARN_CONSTANT_CONVERSION = YES;
				CLANG_WARN_DEPRECATED_OBJC_IMPLEMENTATIONS = YES;
				CLANG_WARN_DIRECT_OBJC_ISA_USAGE = YES_ERROR;
				CLANG_WARN_DOCUMENTATION_COMMENTS = YES;
				CLANG_WARN_EMPTY_BODY = YES;
				CLANG_WARN_ENUM_CONVERSION = YES;
				CLANG_WARN_INFINITE_RECURSION = YES;
				CLANG_WARN_INT_CONVERSION = YES;
				CLANG_WARN_NON_LITERAL_NULL_CONVERSION = YES;
				CLANG_WARN_OBJC_IMPLICIT_RETAIN_SELF = YES;
				CLANG_WARN_OBJC_LITERAL_CONVERSION = YES;
				CLANG_WARN_OBJC_ROOT_CLASS = YES_ERROR;
				CLANG_WARN_QUOTED_INCLUDE_IN_FRAMEWORK_HEADER = YES;
				CLANG_WARN_RANGE_LOOP_ANALYSIS = YES;
				CLANG_WARN_STRICT_PROTOTYPES = YES;
				CLANG_WARN_SUSPICIOUS_MOVE = YES;
				CLANG_WARN_UNGUARDED_AVAILABILITY = YES_AGGRESSIVE;
				CLANG_WARN_UNREACHABLE_CODE = YES;
				CLANG_WARN__DUPLICATE_METHOD_MATCH = YES;
				CODE_SIGN_IDENTITY = "-";
				COPY_PHASE_STRIP = NO;
				DEBUG_INFORMATION_FORMAT = dwarf;
				ENABLE_STRICT_OBJC_MSGSEND = YES;
				ENABLE_TESTABILITY = YES;
				GCC_C_LANGUAGE_STANDARD = gnu11;
				GCC_DYNAMIC_NO_PIC = NO;
				GCC_NO_COMMON_BLOCKS = YES;
				GCC_OPTIMIZATION_LEVEL = 0;
				GCC_PREPROCESSOR_DEFINITIONS = (
					"DEBUG=1",
					"$(inherited)",
				);
				GCC_WARN_64_TO_32_BIT_CONVERSION = YES;
				GCC_WARN_ABOUT_RETURN_TYPE = YES_ERROR;
				GCC_WARN_UNDECLARED_SELECTOR = YES;
				GCC_WARN_UNINITIALIZED_AUTOS = YES_AGGRESSIVE;
				GCC_WARN_UNUSED_FUNCTION = YES;
				GCC_WARN_UNUSED_VARIABLE = YES;
				MACOSX_DEPLOYMENT_TARGET = 10.14;
				MTL_ENABLE_DEBUG_INFO = YES;
				ONLY_ACTIVE_ARCH = YES;
				SDKROOT = macosx;
			};
			name = Debug;
		};
		DE3EE3D8207B923A00536B64 /* Release */ = {
			isa = XCBuildConfiguration;
			buildSettings = {
				ALWAYS_SEARCH_USER_PATHS = NO;
				CLANG_ANALYZER_NONNULL = YES;
				CLANG_ANALYZER_NUMBER_OBJECT_CONVERSION = YES_AGGRESSIVE;
				CLANG_CXX_LANGUAGE_STANDARD = "gnu++14";
				CLANG_CXX_LIBRARY = "libc++";
				CLANG_ENABLE_MODULES = YES;
				CLANG_ENABLE_OBJC_ARC = YES;
				CLANG_ENABLE_OBJC_WEAK = YES;
				CLANG_WARN_BLOCK_CAPTURE_AUTORELEASING = YES;
				CLANG_WARN_BOOL_CONVERSION = YES;
				CLANG_WARN_COMMA = YES;
				CLANG_WARN_CONSTANT_CONVERSION = YES;
				CLANG_WARN_DEPRECATED_OBJC_IMPLEMENTATIONS = YES;
				CLANG_WARN_DIRECT_OBJC_ISA_USAGE = YES_ERROR;
				CLANG_WARN_DOCUMENTATION_COMMENTS = YES;
				CLANG_WARN_EMPTY_BODY = YES;
				CLANG_WARN_ENUM_CONVERSION = YES;
				CLANG_WARN_INFINITE_RECURSION = YES;
				CLANG_WARN_INT_CONVERSION = YES;
				CLANG_WARN_NON_LITERAL_NULL_CONVERSION = YES;
				CLANG_WARN_OBJC_IMPLICIT_RETAIN_SELF = YES;
				CLANG_WARN_OBJC_LITERAL_CONVERSION = YES;
				CLANG_WARN_OBJC_ROOT_CLASS = YES_ERROR;
				CLANG_WARN_QUOTED_INCLUDE_IN_FRAMEWORK_HEADER = YES;
				CLANG_WARN_RANGE_LOOP_ANALYSIS = YES;
				CLANG_WARN_STRICT_PROTOTYPES = YES;
				CLANG_WARN_SUSPICIOUS_MOVE = YES;
				CLANG_WARN_UNGUARDED_AVAILABILITY = YES_AGGRESSIVE;
				CLANG_WARN_UNREACHABLE_CODE = YES;
				CLANG_WARN__DUPLICATE_METHOD_MATCH = YES;
				CODE_SIGN_IDENTITY = "-";
				COPY_PHASE_STRIP = NO;
				DEBUG_INFORMATION_FORMAT = "dwarf-with-dsym";
				ENABLE_NS_ASSERTIONS = NO;
				ENABLE_STRICT_OBJC_MSGSEND = YES;
				GCC_C_LANGUAGE_STANDARD = gnu11;
				GCC_NO_COMMON_BLOCKS = YES;
				GCC_WARN_64_TO_32_BIT_CONVERSION = YES;
				GCC_WARN_ABOUT_RETURN_TYPE = YES_ERROR;
				GCC_WARN_UNDECLARED_SELECTOR = YES;
				GCC_WARN_UNINITIALIZED_AUTOS = YES_AGGRESSIVE;
				GCC_WARN_UNUSED_FUNCTION = YES;
				GCC_WARN_UNUSED_VARIABLE = YES;
				MACOSX_DEPLOYMENT_TARGET = 10.14;
				MTL_ENABLE_DEBUG_INFO = NO;
				SDKROOT = macosx;
				SWIFT_COMPILATION_MODE = wholemodule;
			};
			name = Release;
		};
		DE3EE3DA207B923A00536B64 /* Debug */ = {
			isa = XCBuildConfiguration;
			buildSettings = {
				ASSETCATALOG_COMPILER_APPICON_NAME = AppIcon;
				CLANG_ENABLE_MODULES = YES;
				CODE_SIGN_IDENTITY = "Mac Developer";
				CODE_SIGN_STYLE = Automatic;
				COMBINE_HIDPI_IMAGES = YES;
				DEVELOPMENT_TEAM = DAJ4PZBQR6;
				ENABLE_HARDENED_RUNTIME = YES;
				INFOPLIST_FILE = supreSSHion/Info.plist;
				LD_RUNPATH_SEARCH_PATHS = (
					"$(inherited)",
					"@executable_path/../Frameworks",
				);
				MACOSX_DEPLOYMENT_TARGET = 10.14;
				PRODUCT_BUNDLE_IDENTIFIER = com.kgarner.supreSSHion;
				PRODUCT_NAME = "$(TARGET_NAME)";
				PROVISIONING_PROFILE_SPECIFIER = "";
				SWIFT_OBJC_BRIDGING_HEADER = "supreSSHion/supreSSHion-Bridging-Header.h";
				SWIFT_OPTIMIZATION_LEVEL = "-Onone";
				SWIFT_SWIFT3_OBJC_INFERENCE = Default;
				SWIFT_VERSION = 5.0;
			};
			name = Debug;
		};
		DE3EE3DB207B923A00536B64 /* Release */ = {
			isa = XCBuildConfiguration;
			buildSettings = {
				ASSETCATALOG_COMPILER_APPICON_NAME = AppIcon;
				CLANG_ENABLE_MODULES = YES;
				CODE_SIGN_IDENTITY = "Mac Developer";
				CODE_SIGN_STYLE = Automatic;
				COMBINE_HIDPI_IMAGES = YES;
				DEVELOPMENT_TEAM = DAJ4PZBQR6;
				ENABLE_HARDENED_RUNTIME = YES;
				INFOPLIST_FILE = supreSSHion/Info.plist;
				LD_RUNPATH_SEARCH_PATHS = (
					"$(inherited)",
					"@executable_path/../Frameworks",
				);
				MACOSX_DEPLOYMENT_TARGET = 10.14;
				PRODUCT_BUNDLE_IDENTIFIER = com.kgarner.supreSSHion;
				PRODUCT_NAME = "$(TARGET_NAME)";
				PROVISIONING_PROFILE_SPECIFIER = "";
				SWIFT_OBJC_BRIDGING_HEADER = "supreSSHion/supreSSHion-Bridging-Header.h";
				SWIFT_SWIFT3_OBJC_INFERENCE = Default;
				SWIFT_VERSION = 5.0;
			};
			name = Release;
		};
/* End XCBuildConfiguration section */

/* Begin XCConfigurationList section */
		DE3EE3AD207B923900536B64 /* Build configuration list for PBXProject "supreSSHion" */ = {
			isa = XCConfigurationList;
			buildConfigurations = (
				DE3EE3D7207B923A00536B64 /* Debug */,
				DE3EE3D8207B923A00536B64 /* Release */,
			);
			defaultConfigurationIsVisible = 0;
			defaultConfigurationName = Release;
		};
		DE3EE3D9207B923A00536B64 /* Build configuration list for PBXNativeTarget "supreSSHion" */ = {
			isa = XCConfigurationList;
			buildConfigurations = (
				DE3EE3DA207B923A00536B64 /* Debug */,
				DE3EE3DB207B923A00536B64 /* Release */,
			);
			defaultConfigurationIsVisible = 0;
			defaultConfigurationName = Release;
		};
/* End XCConfigurationList section */
	};
	rootObject = DE3EE3AA207B923900536B64 /* Project object */;
}
